// !$*UTF8*$!
{
	archiveVersion = 1;
	classes = {
	};
	objectVersion = 46;
	objects = {

/* Begin PBXBuildFile section */
		27A3ACEA13C78BD9008CE9F0 /* UIKit.framework in Frameworks */ = {isa = PBXBuildFile; fileRef = 27A3ACE913C78BD9008CE9F0 /* UIKit.framework */; };
		27A3ACEC13C78BD9008CE9F0 /* Foundation.framework in Frameworks */ = {isa = PBXBuildFile; fileRef = 27A3ACEB13C78BD9008CE9F0 /* Foundation.framework */; };
		27A3ACEE13C78BD9008CE9F0 /* CoreGraphics.framework in Frameworks */ = {isa = PBXBuildFile; fileRef = 27A3ACED13C78BD9008CE9F0 /* CoreGraphics.framework */; };
		27A3ACF413C78BD9008CE9F0 /* InfoPlist.strings in Resources */ = {isa = PBXBuildFile; fileRef = 27A3ACF213C78BD9008CE9F0 /* InfoPlist.strings */; };
		27A3ACF613C78BD9008CE9F0 /* main.m in Sources */ = {isa = PBXBuildFile; fileRef = 27A3ACF513C78BD9008CE9F0 /* main.m */; };
		27A3ACFA13C78BD9008CE9F0 /* EmptyAppDelegate.m in Sources */ = {isa = PBXBuildFile; fileRef = 27A3ACF913C78BD9008CE9F0 /* EmptyAppDelegate.m */; };
		27A3AD0213C78BD9008CE9F0 /* SenTestingKit.framework in Frameworks */ = {isa = PBXBuildFile; fileRef = 27A3AD0113C78BD9008CE9F0 /* SenTestingKit.framework */; };
		27A3AD0313C78BD9008CE9F0 /* UIKit.framework in Frameworks */ = {isa = PBXBuildFile; fileRef = 27A3ACE913C78BD9008CE9F0 /* UIKit.framework */; };
		27A3AD0413C78BD9008CE9F0 /* Foundation.framework in Frameworks */ = {isa = PBXBuildFile; fileRef = 27A3ACEB13C78BD9008CE9F0 /* Foundation.framework */; };
		27A3AD0513C78BD9008CE9F0 /* CoreGraphics.framework in Frameworks */ = {isa = PBXBuildFile; fileRef = 27A3ACED13C78BD9008CE9F0 /* CoreGraphics.framework */; };
		27A3AD0D13C78BD9008CE9F0 /* InfoPlist.strings in Resources */ = {isa = PBXBuildFile; fileRef = 27A3AD0B13C78BD9008CE9F0 /* InfoPlist.strings */; };
		27A3AD0F13C78BD9008CE9F0 /* EmptyAppTests.h in Resources */ = {isa = PBXBuildFile; fileRef = 27A3AD0E13C78BD9008CE9F0 /* EmptyAppTests.h */; };
		27A3AD1113C78BD9008CE9F0 /* EmptyAppTests.m in Sources */ = {isa = PBXBuildFile; fileRef = 27A3AD1013C78BD9008CE9F0 /* EmptyAppTests.m */; };
		27A3AD1B13C78C32008CE9F0 /* Couchbase.framework in Frameworks */ = {isa = PBXBuildFile; fileRef = 27A3AD1A13C78C32008CE9F0 /* Couchbase.framework */; };
		27A3AD1D13C78DAC008CE9F0 /* libstdc++.dylib in Frameworks */ = {isa = PBXBuildFile; fileRef = 27A3AD1C13C78DAC008CE9F0 /* libstdc++.dylib */; };
/* End PBXBuildFile section */

/* Begin PBXContainerItemProxy section */
		27A3AD0613C78BD9008CE9F0 /* PBXContainerItemProxy */ = {
			isa = PBXContainerItemProxy;
			containerPortal = 27A3ACDC13C78BD9008CE9F0 /* Project object */;
			proxyType = 1;
			remoteGlobalIDString = 27A3ACE413C78BD9008CE9F0;
			remoteInfo = "Couchbase Empty App";
		};
/* End PBXContainerItemProxy section */

/* Begin PBXFileReference section */
		27A3ACE513C78BD9008CE9F0 /* Empty App.app */ = {isa = PBXFileReference; explicitFileType = wrapper.application; includeInIndex = 0; path = "Empty App.app"; sourceTree = BUILT_PRODUCTS_DIR; };
		27A3ACE913C78BD9008CE9F0 /* UIKit.framework */ = {isa = PBXFileReference; lastKnownFileType = wrapper.framework; name = UIKit.framework; path = System/Library/Frameworks/UIKit.framework; sourceTree = SDKROOT; };
		27A3ACEB13C78BD9008CE9F0 /* Foundation.framework */ = {isa = PBXFileReference; lastKnownFileType = wrapper.framework; name = Foundation.framework; path = System/Library/Frameworks/Foundation.framework; sourceTree = SDKROOT; };
		27A3ACED13C78BD9008CE9F0 /* CoreGraphics.framework */ = {isa = PBXFileReference; lastKnownFileType = wrapper.framework; name = CoreGraphics.framework; path = System/Library/Frameworks/CoreGraphics.framework; sourceTree = SDKROOT; };
		27A3ACF113C78BD9008CE9F0 /* Couchbase Empty App-Info.plist */ = {isa = PBXFileReference; lastKnownFileType = text.plist.xml; path = "Couchbase Empty App-Info.plist"; sourceTree = "<group>"; };
		27A3ACF313C78BD9008CE9F0 /* en */ = {isa = PBXFileReference; lastKnownFileType = text.plist.strings; name = en; path = en.lproj/InfoPlist.strings; sourceTree = "<group>"; };
		27A3ACF513C78BD9008CE9F0 /* main.m */ = {isa = PBXFileReference; lastKnownFileType = sourcecode.c.objc; path = main.m; sourceTree = "<group>"; };
		27A3ACF713C78BD9008CE9F0 /* Couchbase Empty App-Prefix.pch */ = {isa = PBXFileReference; lastKnownFileType = sourcecode.c.h; path = "Couchbase Empty App-Prefix.pch"; sourceTree = "<group>"; };
		27A3ACF813C78BD9008CE9F0 /* EmptyAppDelegate.h */ = {isa = PBXFileReference; lastKnownFileType = sourcecode.c.h; path = EmptyAppDelegate.h; sourceTree = "<group>"; };
		27A3ACF913C78BD9008CE9F0 /* EmptyAppDelegate.m */ = {isa = PBXFileReference; lastKnownFileType = sourcecode.c.objc; path = EmptyAppDelegate.m; sourceTree = "<group>"; };
		27A3AD0013C78BD9008CE9F0 /* Couchbase Empty AppTests.octest */ = {isa = PBXFileReference; explicitFileType = wrapper.cfbundle; includeInIndex = 0; path = "Couchbase Empty AppTests.octest"; sourceTree = BUILT_PRODUCTS_DIR; };
		27A3AD0113C78BD9008CE9F0 /* SenTestingKit.framework */ = {isa = PBXFileReference; lastKnownFileType = wrapper.framework; name = SenTestingKit.framework; path = Library/Frameworks/SenTestingKit.framework; sourceTree = DEVELOPER_DIR; };
		27A3AD0A13C78BD9008CE9F0 /* Couchbase Empty AppTests-Info.plist */ = {isa = PBXFileReference; lastKnownFileType = text.plist.xml; path = "Couchbase Empty AppTests-Info.plist"; sourceTree = "<group>"; };
		27A3AD0C13C78BD9008CE9F0 /* en */ = {isa = PBXFileReference; lastKnownFileType = text.plist.strings; name = en; path = en.lproj/InfoPlist.strings; sourceTree = "<group>"; };
		27A3AD0E13C78BD9008CE9F0 /* EmptyAppTests.h */ = {isa = PBXFileReference; lastKnownFileType = sourcecode.c.h; path = EmptyAppTests.h; sourceTree = "<group>"; };
		27A3AD1013C78BD9008CE9F0 /* EmptyAppTests.m */ = {isa = PBXFileReference; lastKnownFileType = sourcecode.c.objc; path = EmptyAppTests.m; sourceTree = "<group>"; };
		27A3AD1A13C78C32008CE9F0 /* Couchbase.framework */ = {isa = PBXFileReference; lastKnownFileType = wrapper.framework; name = Couchbase.framework; path = "../Debug-universal/Couchbase.framework"; sourceTree = BUILT_PRODUCTS_DIR; };
		27A3AD1C13C78DAC008CE9F0 /* libstdc++.dylib */ = {isa = PBXFileReference; lastKnownFileType = "compiled.mach-o.dylib"; name = "libstdc++.dylib"; path = "usr/lib/libstdc++.dylib"; sourceTree = SDKROOT; };
/* End PBXFileReference section */

/* Begin PBXFrameworksBuildPhase section */
		27A3ACE213C78BD9008CE9F0 /* Frameworks */ = {
			isa = PBXFrameworksBuildPhase;
			buildActionMask = 2147483647;
			files = (
				27A3AD1D13C78DAC008CE9F0 /* libstdc++.dylib in Frameworks */,
				27A3ACEA13C78BD9008CE9F0 /* UIKit.framework in Frameworks */,
				27A3ACEC13C78BD9008CE9F0 /* Foundation.framework in Frameworks */,
				27A3ACEE13C78BD9008CE9F0 /* CoreGraphics.framework in Frameworks */,
				27A3AD1B13C78C32008CE9F0 /* Couchbase.framework in Frameworks */,
			);
			runOnlyForDeploymentPostprocessing = 0;
		};
		27A3ACFC13C78BD9008CE9F0 /* Frameworks */ = {
			isa = PBXFrameworksBuildPhase;
			buildActionMask = 2147483647;
			files = (
				27A3AD0213C78BD9008CE9F0 /* SenTestingKit.framework in Frameworks */,
				27A3AD0313C78BD9008CE9F0 /* UIKit.framework in Frameworks */,
				27A3AD0413C78BD9008CE9F0 /* Foundation.framework in Frameworks */,
				27A3AD0513C78BD9008CE9F0 /* CoreGraphics.framework in Frameworks */,
			);
			runOnlyForDeploymentPostprocessing = 0;
		};
/* End PBXFrameworksBuildPhase section */

/* Begin PBXGroup section */
		27A3ACDA13C78BD9008CE9F0 = {
			isa = PBXGroup;
			children = (
				27A3ACEF13C78BD9008CE9F0 /* Source */,
				27A3AD0813C78BD9008CE9F0 /* Tests */,
				27A3ACE813C78BD9008CE9F0 /* Frameworks */,
				27A3ACE613C78BD9008CE9F0 /* Products */,
			);
			sourceTree = "<group>";
		};
		27A3ACE613C78BD9008CE9F0 /* Products */ = {
			isa = PBXGroup;
			children = (
				27A3ACE513C78BD9008CE9F0 /* Empty App.app */,
				27A3AD0013C78BD9008CE9F0 /* Couchbase Empty AppTests.octest */,
			);
			name = Products;
			sourceTree = "<group>";
		};
		27A3ACE813C78BD9008CE9F0 /* Frameworks */ = {
			isa = PBXGroup;
			children = (
				27A3AD1C13C78DAC008CE9F0 /* libstdc++.dylib */,
				27A3AD1A13C78C32008CE9F0 /* Couchbase.framework */,
				27A3ACE913C78BD9008CE9F0 /* UIKit.framework */,
				27A3ACEB13C78BD9008CE9F0 /* Foundation.framework */,
				27A3ACED13C78BD9008CE9F0 /* CoreGraphics.framework */,
				27A3AD0113C78BD9008CE9F0 /* SenTestingKit.framework */,
			);
			name = Frameworks;
			sourceTree = "<group>";
		};
		27A3ACEF13C78BD9008CE9F0 /* Source */ = {
			isa = PBXGroup;
			children = (
				27A3ACF813C78BD9008CE9F0 /* EmptyAppDelegate.h */,
				27A3ACF913C78BD9008CE9F0 /* EmptyAppDelegate.m */,
				27A3ACF013C78BD9008CE9F0 /* Supporting Files */,
			);
			path = Source;
			sourceTree = "<group>";
		};
		27A3ACF013C78BD9008CE9F0 /* Supporting Files */ = {
			isa = PBXGroup;
			children = (
				27A3ACF113C78BD9008CE9F0 /* Couchbase Empty App-Info.plist */,
				27A3ACF213C78BD9008CE9F0 /* InfoPlist.strings */,
				27A3ACF513C78BD9008CE9F0 /* main.m */,
				27A3ACF713C78BD9008CE9F0 /* Couchbase Empty App-Prefix.pch */,
			);
			name = "Supporting Files";
			sourceTree = "<group>";
		};
		27A3AD0813C78BD9008CE9F0 /* Tests */ = {
			isa = PBXGroup;
			children = (
				27A3AD0E13C78BD9008CE9F0 /* EmptyAppTests.h */,
				27A3AD1013C78BD9008CE9F0 /* EmptyAppTests.m */,
				27A3AD0913C78BD9008CE9F0 /* Supporting Files */,
			);
			path = Tests;
			sourceTree = "<group>";
		};
		27A3AD0913C78BD9008CE9F0 /* Supporting Files */ = {
			isa = PBXGroup;
			children = (
				27A3AD0A13C78BD9008CE9F0 /* Couchbase Empty AppTests-Info.plist */,
				27A3AD0B13C78BD9008CE9F0 /* InfoPlist.strings */,
			);
			name = "Supporting Files";
			sourceTree = "<group>";
		};
/* End PBXGroup section */

/* Begin PBXNativeTarget section */
		27A3ACE413C78BD9008CE9F0 /* Couchbase Empty App */ = {
			isa = PBXNativeTarget;
			buildConfigurationList = 27A3AD1413C78BD9008CE9F0 /* Build configuration list for PBXNativeTarget "Couchbase Empty App" */;
			buildPhases = (
				27A3ACE113C78BD9008CE9F0 /* Sources */,
				27A3ACE213C78BD9008CE9F0 /* Frameworks */,
				27A3ACE313C78BD9008CE9F0 /* Resources */,
				27A3AD1F13C78DF4008CE9F0 /* Copy CouchbaseResources */,
			);
			buildRules = (
			);
			dependencies = (
			);
			name = "Couchbase Empty App";
			productName = "Couchbase Empty App";
			productReference = 27A3ACE513C78BD9008CE9F0 /* Empty App.app */;
			productType = "com.apple.product-type.application";
		};
		27A3ACFF13C78BD9008CE9F0 /* Couchbase Empty AppTests */ = {
			isa = PBXNativeTarget;
			buildConfigurationList = 27A3AD1713C78BD9008CE9F0 /* Build configuration list for PBXNativeTarget "Couchbase Empty AppTests" */;
			buildPhases = (
				27A3ACFB13C78BD9008CE9F0 /* Sources */,
				27A3ACFC13C78BD9008CE9F0 /* Frameworks */,
				27A3ACFD13C78BD9008CE9F0 /* Resources */,
				27A3ACFE13C78BD9008CE9F0 /* ShellScript */,
			);
			buildRules = (
			);
			dependencies = (
				27A3AD0713C78BD9008CE9F0 /* PBXTargetDependency */,
			);
			name = "Couchbase Empty AppTests";
			productName = "Couchbase Empty AppTests";
			productReference = 27A3AD0013C78BD9008CE9F0 /* Couchbase Empty AppTests.octest */;
			productType = "com.apple.product-type.bundle";
		};
/* End PBXNativeTarget section */

/* Begin PBXProject section */
		27A3ACDC13C78BD9008CE9F0 /* Project object */ = {
			isa = PBXProject;
			attributes = {
				LastUpgradeCheck = 0420;
				ORGANIZATIONNAME = "CouchBase, Inc.";
			};
			buildConfigurationList = 27A3ACDF13C78BD9008CE9F0 /* Build configuration list for PBXProject "Couchbase Empty App" */;
			compatibilityVersion = "Xcode 3.2";
			developmentRegion = English;
			hasScannedForEncodings = 0;
			knownRegions = (
				en,
			);
			mainGroup = 27A3ACDA13C78BD9008CE9F0;
			productRefGroup = 27A3ACE613C78BD9008CE9F0 /* Products */;
			projectDirPath = "";
			projectRoot = "";
			targets = (
				27A3ACE413C78BD9008CE9F0 /* Couchbase Empty App */,
				27A3ACFF13C78BD9008CE9F0 /* Couchbase Empty AppTests */,
			);
		};
/* End PBXProject section */

/* Begin PBXResourcesBuildPhase section */
		27A3ACE313C78BD9008CE9F0 /* Resources */ = {
			isa = PBXResourcesBuildPhase;
			buildActionMask = 2147483647;
			files = (
				27A3ACF413C78BD9008CE9F0 /* InfoPlist.strings in Resources */,
			);
			runOnlyForDeploymentPostprocessing = 0;
		};
		27A3ACFD13C78BD9008CE9F0 /* Resources */ = {
			isa = PBXResourcesBuildPhase;
			buildActionMask = 2147483647;
			files = (
				27A3AD0D13C78BD9008CE9F0 /* InfoPlist.strings in Resources */,
				27A3AD0F13C78BD9008CE9F0 /* EmptyAppTests.h in Resources */,
			);
			runOnlyForDeploymentPostprocessing = 0;
		};
/* End PBXResourcesBuildPhase section */

/* Begin PBXShellScriptBuildPhase section */
		27A3ACFE13C78BD9008CE9F0 /* ShellScript */ = {
			isa = PBXShellScriptBuildPhase;
			buildActionMask = 2147483647;
			files = (
			);
			inputPaths = (
			);
			outputPaths = (
			);
			runOnlyForDeploymentPostprocessing = 0;
			shellPath = /bin/sh;
			shellScript = "# Run the unit tests in this test bundle.\n\"${SYSTEM_DEVELOPER_DIR}/Tools/RunUnitTests\"\n";
		};
		27A3AD1F13C78DF4008CE9F0 /* Copy CouchbaseResources */ = {
			isa = PBXShellScriptBuildPhase;
			buildActionMask = 2147483647;
			files = (
			);
			inputPaths = (
			);
			name = "Copy CouchbaseResources";
			outputPaths = (
			);
			runOnlyForDeploymentPostprocessing = 0;
			shellPath = /bin/sh;
			shellScript = "# The 'CouchbaseResources' subfolder of the framework contains Erlang code and other resources needed at runtime. Copy it into the app bundle:\nrsync -a \"${TARGET_BUILD_DIR}/../Debug-universal/Couchbase.framework/CouchbaseResources\" \"${TARGET_BUILD_DIR}/${UNLOCALIZED_RESOURCES_FOLDER_PATH}\"";
			showEnvVarsInLog = 0;
		};
/* End PBXShellScriptBuildPhase section */

/* Begin PBXSourcesBuildPhase section */
		27A3ACE113C78BD9008CE9F0 /* Sources */ = {
			isa = PBXSourcesBuildPhase;
			buildActionMask = 2147483647;
			files = (
				27A3ACF613C78BD9008CE9F0 /* main.m in Sources */,
				27A3ACFA13C78BD9008CE9F0 /* EmptyAppDelegate.m in Sources */,
			);
			runOnlyForDeploymentPostprocessing = 0;
		};
		27A3ACFB13C78BD9008CE9F0 /* Sources */ = {
			isa = PBXSourcesBuildPhase;
			buildActionMask = 2147483647;
			files = (
				27A3AD1113C78BD9008CE9F0 /* EmptyAppTests.m in Sources */,
			);
			runOnlyForDeploymentPostprocessing = 0;
		};
/* End PBXSourcesBuildPhase section */

/* Begin PBXTargetDependency section */
		27A3AD0713C78BD9008CE9F0 /* PBXTargetDependency */ = {
			isa = PBXTargetDependency;
			target = 27A3ACE413C78BD9008CE9F0 /* Couchbase Empty App */;
			targetProxy = 27A3AD0613C78BD9008CE9F0 /* PBXContainerItemProxy */;
		};
/* End PBXTargetDependency section */

/* Begin PBXVariantGroup section */
		27A3ACF213C78BD9008CE9F0 /* InfoPlist.strings */ = {
			isa = PBXVariantGroup;
			children = (
				27A3ACF313C78BD9008CE9F0 /* en */,
			);
			name = InfoPlist.strings;
			sourceTree = "<group>";
		};
		27A3AD0B13C78BD9008CE9F0 /* InfoPlist.strings */ = {
			isa = PBXVariantGroup;
			children = (
				27A3AD0C13C78BD9008CE9F0 /* en */,
			);
			name = InfoPlist.strings;
			sourceTree = "<group>";
		};
/* End PBXVariantGroup section */

/* Begin XCBuildConfiguration section */
		27A3AD1213C78BD9008CE9F0 /* Debug */ = {
			isa = XCBuildConfiguration;
			buildSettings = {
				ALWAYS_SEARCH_USER_PATHS = NO;
				ARCHS = "$(ARCHS_STANDARD_32_BIT)";
				"CODE_SIGN_IDENTITY[sdk=iphoneos*]" = "iPhone Developer";
				COPY_PHASE_STRIP = NO;
				FRAMEWORK_SEARCH_PATHS = (
					"$(inherited)",
					"\"$(TARGET_BUILD_DIR)/../Debug-universal\"",
				);
				GCC_C_LANGUAGE_STANDARD = gnu99;
				GCC_DYNAMIC_NO_PIC = NO;
				GCC_OPTIMIZATION_LEVEL = 0;
				GCC_PRECOMPILE_PREFIX_HEADER = YES;
				GCC_PREFIX_HEADER = "Source/Couchbase Empty App-Prefix.pch";
				GCC_PREPROCESSOR_DEFINITIONS = (
					"DEBUG=1",
					"$(inherited)",
				);
				GCC_SYMBOLS_PRIVATE_EXTERN = NO;
				GCC_VERSION = com.apple.compilers.llvm.clang.1_0;
				GCC_WARN_ABOUT_MISSING_PROTOTYPES = YES;
				GCC_WARN_ABOUT_RETURN_TYPE = YES;
				GCC_WARN_UNUSED_VARIABLE = YES;
				IPHONEOS_DEPLOYMENT_TARGET = 5.0;
				SDKROOT = iphoneos;
				TARGETED_DEVICE_FAMILY = "1,2";
			};
			name = Debug;
		};
		27A3AD1313C78BD9008CE9F0 /* Release */ = {
			isa = XCBuildConfiguration;
			buildSettings = {
				ALWAYS_SEARCH_USER_PATHS = NO;
				ARCHS = "$(ARCHS_STANDARD_32_BIT)";
				"CODE_SIGN_IDENTITY[sdk=iphoneos*]" = "iPhone Developer";
				COPY_PHASE_STRIP = YES;
				FRAMEWORK_SEARCH_PATHS = (
					"$(inherited)",
					"\"$(TARGET_BUILD_DIR)/../Debug-universal\"",
				);
				GCC_C_LANGUAGE_STANDARD = gnu99;
				GCC_PRECOMPILE_PREFIX_HEADER = YES;
				GCC_PREFIX_HEADER = "Source/Couchbase Empty App-Prefix.pch";
				GCC_VERSION = com.apple.compilers.llvm.clang.1_0;
				GCC_WARN_ABOUT_MISSING_PROTOTYPES = YES;
				GCC_WARN_ABOUT_RETURN_TYPE = YES;
				GCC_WARN_UNUSED_VARIABLE = YES;
				IPHONEOS_DEPLOYMENT_TARGET = 5.0;
				OTHER_CFLAGS = "-DNS_BLOCK_ASSERTIONS=1";
				SDKROOT = iphoneos;
				TARGETED_DEVICE_FAMILY = "1,2";
				VALIDATE_PRODUCT = YES;
			};
			name = Release;
		};
		27A3AD1513C78BD9008CE9F0 /* Debug */ = {
			isa = XCBuildConfiguration;
			buildSettings = {
				GCC_PRECOMPILE_PREFIX_HEADER = YES;
				GCC_PREFIX_HEADER = "Source/Couchbase Empty App-Prefix.pch";
				INFOPLIST_FILE = "Source/Couchbase Empty App-Info.plist";
				IPHONEOS_DEPLOYMENT_TARGET = 4.3;
				PRODUCT_NAME = "Empty App";
				STRIP_INSTALLED_PRODUCT = NO;
				WRAPPER_EXTENSION = app;
			};
			name = Debug;
		};
		27A3AD1613C78BD9008CE9F0 /* Release */ = {
			isa = XCBuildConfiguration;
			buildSettings = {
				DEPLOYMENT_POSTPROCESSING = YES;
				GCC_PRECOMPILE_PREFIX_HEADER = YES;
				GCC_PREFIX_HEADER = "Source/Couchbase Empty App-Prefix.pch";
				INFOPLIST_FILE = "Source/Couchbase Empty App-Info.plist";
				IPHONEOS_DEPLOYMENT_TARGET = 4.3;
				PRODUCT_NAME = "Empty App";
				STRIP_INSTALLED_PRODUCT = YES;
				WRAPPER_EXTENSION = app;
			};
			name = Release;
		};
		27A3AD1813C78BD9008CE9F0 /* Debug */ = {
			isa = XCBuildConfiguration;
			buildSettings = {
				BUNDLE_LOADER = "$(BUILT_PRODUCTS_DIR)/Couchbase Empty App.app/Couchbase Empty App";
				FRAMEWORK_SEARCH_PATHS = (
					"$(inherited)",
					"\"$(TARGET_BUILD_DIR)/../Debug-universal\"",
					"$(SDKROOT)/Developer/Library/Frameworks",
				);
				INFOPLIST_FILE = "Tests/Couchbase Empty AppTests-Info.plist";
				PRODUCT_NAME = "$(TARGET_NAME)";
				TEST_HOST = "$(BUNDLE_LOADER)";
				WRAPPER_EXTENSION = octest;
			};
			name = Debug;
		};
		27A3AD1913C78BD9008CE9F0 /* Release */ = {
			isa = XCBuildConfiguration;
			buildSettings = {
				BUNDLE_LOADER = "$(BUILT_PRODUCTS_DIR)/Couchbase Empty App.app/Couchbase Empty App";
				FRAMEWORK_SEARCH_PATHS = (
					"$(inherited)",
					"\"$(TARGET_BUILD_DIR)/../Debug-universal\"",
					"$(SDKROOT)/Developer/Library/Frameworks",
				);
				INFOPLIST_FILE = "Tests/Couchbase Empty AppTests-Info.plist";
				PRODUCT_NAME = "$(TARGET_NAME)";
				TEST_HOST = "$(BUNDLE_LOADER)";
				WRAPPER_EXTENSION = octest;
			};
			name = Release;
		};
/* End XCBuildConfiguration section */

/* Begin XCConfigurationList section */
		27A3ACDF13C78BD9008CE9F0 /* Build configuration list for PBXProject "Couchbase Empty App" */ = {
			isa = XCConfigurationList;
			buildConfigurations = (
				27A3AD1213C78BD9008CE9F0 /* Debug */,
				27A3AD1313C78BD9008CE9F0 /* Release */,
			);
			defaultConfigurationIsVisible = 0;
			defaultConfigurationName = Release;
		};
		27A3AD1413C78BD9008CE9F0 /* Build configuration list for PBXNativeTarget "Couchbase Empty App" */ = {
			isa = XCConfigurationList;
			buildConfigurations = (
				27A3AD1513C78BD9008CE9F0 /* Debug */,
				27A3AD1613C78BD9008CE9F0 /* Release */,
			);
			defaultConfigurationIsVisible = 0;
			defaultConfigurationName = Release;
		};
		27A3AD1713C78BD9008CE9F0 /* Build configuration list for PBXNativeTarget "Couchbase Empty AppTests" */ = {
			isa = XCConfigurationList;
			buildConfigurations = (
				27A3AD1813C78BD9008CE9F0 /* Debug */,
				27A3AD1913C78BD9008CE9F0 /* Release */,
			);
			defaultConfigurationIsVisible = 0;
			defaultConfigurationName = Release;
		};
/* End XCConfigurationList section */
	};
	rootObject = 27A3ACDC13C78BD9008CE9F0 /* Project object */;
}
