// !$*UTF8*$!
{
	archiveVersion = 1;
	classes = {
	};
	objectVersion = 46;
	objects = {

/* Begin PBXBuildFile section */
		27167C5C13C4DB53001CC5B6 /* CouchbaseEmbeddedServer.h in Headers */ = {isa = PBXBuildFile; fileRef = 79C3C6F4131F011A00C8B96D /* CouchbaseEmbeddedServer.h */; settings = {ATTRIBUTES = (Public, ); }; };
		27167C5E13C4DB53001CC5B6 /* CouchbaseEmbeddedServer.m in Sources */ = {isa = PBXBuildFile; fileRef = 79C3C6F5131F011A00C8B96D /* CouchbaseEmbeddedServer.m */; };
		27167C6213C4DB53001CC5B6 /* libcrypto-iphonesimulator.a in Frameworks */ = {isa = PBXBuildFile; fileRef = 03E8394C1353ADF300D64D0D /* libcrypto-iphonesimulator.a */; };
		27167C6313C4DB53001CC5B6 /* libssl-iphonesimulator.a in Frameworks */ = {isa = PBXBuildFile; fileRef = 03E8394D1353ADF300D64D0D /* libssl-iphonesimulator.a */; };
		27167C6B13C4DFFF001CC5B6 /* libcrypto-iphoneos.a in Frameworks */ = {isa = PBXBuildFile; fileRef = 03E839481353ADE600D64D0D /* libcrypto-iphoneos.a */; };
		27167C6C13C4E002001CC5B6 /* libssl-iphoneos.a in Frameworks */ = {isa = PBXBuildFile; fileRef = 03E839491353ADE600D64D0D /* libssl-iphoneos.a */; };
		27167ECC13C4E644001CC5B6 /* libiErl14.a in Frameworks */ = {isa = PBXBuildFile; fileRef = 27167ECB13C4E644001CC5B6 /* libiErl14.a */; };
		27167ECE13C4E64B001CC5B6 /* libiMonkey.a in Frameworks */ = {isa = PBXBuildFile; fileRef = 27167ECD13C4E64B001CC5B6 /* libiMonkey.a */; };
		273A733613BD473D0078870D /* CouchbaseEmbeddedServer.h in CopyFiles */ = {isa = PBXBuildFile; fileRef = 79C3C6F4131F011A00C8B96D /* CouchbaseEmbeddedServer.h */; };
		273A734013BD4DE90078870D /* erlang in CopyFiles */ = {isa = PBXBuildFile; fileRef = 3DEAEA6612A2D70B00EEBD22 /* erlang */; };
		273A734213BD4DE90078870D /* default.ini in CopyFiles */ = {isa = PBXBuildFile; fileRef = 3D4791CB12A19F6A00581D10 /* default.ini */; };
		273A734313BD4DE90078870D /* icouch.ini in CopyFiles */ = {isa = PBXBuildFile; fileRef = 3D4791CC12A19F6A00581D10 /* icouch.ini */; };
/* End PBXBuildFile section */

/* Begin PBXContainerItemProxy section */
		27167ED513C4EF62001CC5B6 /* PBXContainerItemProxy */ = {
			isa = PBXContainerItemProxy;
			containerPortal = 29B97313FDCFA39411CA2CEA /* Project object */;
			proxyType = 1;
			remoteGlobalIDString = 27167C5A13C4DB53001CC5B6;
			remoteInfo = Couchbase;
		};
/* End PBXContainerItemProxy section */

/* Begin PBXCopyFilesBuildPhase section */
		273A733513BD471A0078870D /* CopyFiles */ = {
			isa = PBXCopyFilesBuildPhase;
			buildActionMask = 2147483647;
			dstPath = Headers;
			dstSubfolderSpec = 1;
			files = (
				273A733613BD473D0078870D /* CouchbaseEmbeddedServer.h in CopyFiles */,
			);
			runOnlyForDeploymentPostprocessing = 0;
		};
		273A733F13BD4DDC0078870D /* CopyFiles */ = {
			isa = PBXCopyFilesBuildPhase;
			buildActionMask = 2147483647;
			dstPath = CouchbaseResources;
			dstSubfolderSpec = 1;
			files = (
				273A734013BD4DE90078870D /* erlang in CopyFiles */,
				273A734213BD4DE90078870D /* default.ini in CopyFiles */,
				273A734313BD4DE90078870D /* icouch.ini in CopyFiles */,
			);
			runOnlyForDeploymentPostprocessing = 0;
		};
/* End PBXCopyFilesBuildPhase section */

/* Begin PBXFileReference section */
		03E839481353ADE600D64D0D /* libcrypto-iphoneos.a */ = {isa = PBXFileReference; lastKnownFileType = archive.ar; name = "libcrypto-iphoneos.a"; path = "Vendor/ios-openssl/lib/libcrypto-iphoneos.a"; sourceTree = SOURCE_ROOT; };
		03E839491353ADE600D64D0D /* libssl-iphoneos.a */ = {isa = PBXFileReference; lastKnownFileType = archive.ar; name = "libssl-iphoneos.a"; path = "Vendor/ios-openssl/lib/libssl-iphoneos.a"; sourceTree = SOURCE_ROOT; };
		03E8394C1353ADF300D64D0D /* libcrypto-iphonesimulator.a */ = {isa = PBXFileReference; lastKnownFileType = archive.ar; name = "libcrypto-iphonesimulator.a"; path = "Vendor/ios-openssl/lib/libcrypto-iphonesimulator.a"; sourceTree = SOURCE_ROOT; };
		03E8394D1353ADF300D64D0D /* libssl-iphonesimulator.a */ = {isa = PBXFileReference; lastKnownFileType = archive.ar; name = "libssl-iphonesimulator.a"; path = "Vendor/ios-openssl/lib/libssl-iphonesimulator.a"; sourceTree = SOURCE_ROOT; };
		27167ECB13C4E644001CC5B6 /* libiErl14.a */ = {isa = PBXFileReference; lastKnownFileType = archive.ar; path = libiErl14.a; sourceTree = BUILT_PRODUCTS_DIR; };
		27167ECD13C4E64B001CC5B6 /* libiMonkey.a */ = {isa = PBXFileReference; lastKnownFileType = archive.ar; name = libiMonkey.a; path = "../DerivedXData/Couchbase/Build/Products/Release-iphoneos/libiMonkey.a"; sourceTree = "<group>"; };
		273A731E13BD44670078870D /* Couchbase.framework */ = {isa = PBXFileReference; explicitFileType = wrapper.cfbundle; includeInIndex = 0; path = Couchbase.framework; sourceTree = BUILT_PRODUCTS_DIR; };
		273A732813BD44670078870D /* Couchbase.framework-Info.plist */ = {isa = PBXFileReference; lastKnownFileType = text.plist.xml; name = "Couchbase.framework-Info.plist"; path = "Couchbase.framework/Couchbase.framework-Info.plist"; sourceTree = "<group>"; };
		27A72C3413C502980096E41D /* libCouchbase.a */ = {isa = PBXFileReference; explicitFileType = archive.ar; includeInIndex = 0; path = libCouchbase.a; sourceTree = BUILT_PRODUCTS_DIR; };
		3D4791CB12A19F6A00581D10 /* default.ini */ = {isa = PBXFileReference; fileEncoding = 4; lastKnownFileType = text; path = default.ini; sourceTree = "<group>"; };
		3D4791CC12A19F6A00581D10 /* icouch.ini */ = {isa = PBXFileReference; fileEncoding = 4; lastKnownFileType = text; path = icouch.ini; sourceTree = "<group>"; };
		3DEAEA6612A2D70B00EEBD22 /* erlang */ = {isa = PBXFileReference; lastKnownFileType = folder; path = erlang; sourceTree = "<group>"; };
		79C3C6F4131F011A00C8B96D /* CouchbaseEmbeddedServer.h */ = {isa = PBXFileReference; fileEncoding = 4; lastKnownFileType = sourcecode.c.h; path = CouchbaseEmbeddedServer.h; sourceTree = "<group>"; };
		79C3C6F5131F011A00C8B96D /* CouchbaseEmbeddedServer.m */ = {isa = PBXFileReference; fileEncoding = 4; lastKnownFileType = sourcecode.c.objc; path = CouchbaseEmbeddedServer.m; sourceTree = "<group>"; };
/* End PBXFileReference section */

/* Begin PBXFrameworksBuildPhase section */
		27167C5F13C4DB53001CC5B6 /* Frameworks */ = {
			isa = PBXFrameworksBuildPhase;
			buildActionMask = 2147483647;
			files = (
				27167ECC13C4E644001CC5B6 /* libiErl14.a in Frameworks */,
				27167ECE13C4E64B001CC5B6 /* libiMonkey.a in Frameworks */,
				27167C6213C4DB53001CC5B6 /* libcrypto-iphonesimulator.a in Frameworks */,
				27167C6313C4DB53001CC5B6 /* libssl-iphonesimulator.a in Frameworks */,
				27167C6B13C4DFFF001CC5B6 /* libcrypto-iphoneos.a in Frameworks */,
				27167C6C13C4E002001CC5B6 /* libssl-iphoneos.a in Frameworks */,
			);
			runOnlyForDeploymentPostprocessing = 0;
		};
/* End PBXFrameworksBuildPhase section */

/* Begin PBXGroup section */
		080E96DDFE201D6D7F000001 /* Classes */ = {
			isa = PBXGroup;
			children = (
				79C3C6F4131F011A00C8B96D /* CouchbaseEmbeddedServer.h */,
				79C3C6F5131F011A00C8B96D /* CouchbaseEmbeddedServer.m */,
			);
			path = Classes;
			sourceTree = "<group>";
		};
		19C28FACFE9D520D11CA2CBB /* Products */ = {
			isa = PBXGroup;
			children = (
				273A731E13BD44670078870D /* Couchbase.framework */,
				27A72C3413C502980096E41D /* libCouchbase.a */,
			);
			name = Products;
			sourceTree = "<group>";
		};
		29B97314FDCFA39411CA2CEA /* CustomTemplate */ = {
			isa = PBXGroup;
			children = (
				080E96DDFE201D6D7F000001 /* Classes */,
				29B97317FDCFA39411CA2CEA /* Resources */,
				29B97323FDCFA39411CA2CEA /* Libraries */,
				19C28FACFE9D520D11CA2CBB /* Products */,
			);
			name = CustomTemplate;
			sourceTree = "<group>";
		};
		29B97317FDCFA39411CA2CEA /* Resources */ = {
			isa = PBXGroup;
			children = (
				273A732813BD44670078870D /* Couchbase.framework-Info.plist */,
				3DEAEA6612A2D70B00EEBD22 /* erlang */,
				3D4791CB12A19F6A00581D10 /* default.ini */,
				3D4791CC12A19F6A00581D10 /* icouch.ini */,
			);
			name = Resources;
			sourceTree = "<group>";
		};
		29B97323FDCFA39411CA2CEA /* Libraries */ = {
			isa = PBXGroup;
			children = (
				27167ECB13C4E644001CC5B6 /* libiErl14.a */,
				27167ECD13C4E64B001CC5B6 /* libiMonkey.a */,
				03E839481353ADE600D64D0D /* libcrypto-iphoneos.a */,
				03E839491353ADE600D64D0D /* libssl-iphoneos.a */,
				03E8394C1353ADF300D64D0D /* libcrypto-iphonesimulator.a */,
				03E8394D1353ADF300D64D0D /* libssl-iphonesimulator.a */,
			);
			name = Libraries;
			sourceTree = "<group>";
		};
/* End PBXGroup section */

/* Begin PBXHeadersBuildPhase section */
		27167C5B13C4DB53001CC5B6 /* Headers */ = {
			isa = PBXHeadersBuildPhase;
			buildActionMask = 2147483647;
			files = (
				27167C5C13C4DB53001CC5B6 /* CouchbaseEmbeddedServer.h in Headers */,
			);
			runOnlyForDeploymentPostprocessing = 0;
		};
		273A733113BD44CF0078870D /* Headers */ = {
			isa = PBXHeadersBuildPhase;
			buildActionMask = 2147483647;
			files = (
			);
			runOnlyForDeploymentPostprocessing = 0;
		};
/* End PBXHeadersBuildPhase section */

/* Begin PBXNativeTarget section */
		27167C5A13C4DB53001CC5B6 /* Couchbase */ = {
			isa = PBXNativeTarget;
			buildConfigurationList = 27167C6413C4DB53001CC5B6 /* Build configuration list for PBXNativeTarget "Couchbase" */;
			buildPhases = (
				27167C5B13C4DB53001CC5B6 /* Headers */,
				27167C5D13C4DB53001CC5B6 /* Sources */,
				27167C5F13C4DB53001CC5B6 /* Frameworks */,
				27167ED013C4E731001CC5B6 /* Build Fat Library */,
			);
			buildRules = (
			);
			dependencies = (
			);
			name = Couchbase;
			productName = MobileCouchbase;
			productReference = 27A72C3413C502980096E41D /* libCouchbase.a */;
			productType = "com.apple.product-type.library.static";
		};
		273A731D13BD44670078870D /* Couchbase.framework */ = {
			isa = PBXNativeTarget;
			buildConfigurationList = 273A732F13BD44670078870D /* Build configuration list for PBXNativeTarget "Couchbase.framework" */;
			buildPhases = (
				D9B664DE13D48BE1008CD673 /* ShellScript */,
				273A731A13BD44670078870D /* Sources */,
				273A733113BD44CF0078870D /* Headers */,
				273A733513BD471A0078870D /* CopyFiles */,
				273A733F13BD4DDC0078870D /* CopyFiles */,
				27167EEF13C4F09A001CC5B6 /* Copy library */,
			);
			buildRules = (
			);
			dependencies = (
				27167ED613C4EF62001CC5B6 /* PBXTargetDependency */,
			);
			name = Couchbase.framework;
			productName = Couchbase.framework;
			productReference = 273A731E13BD44670078870D /* Couchbase.framework */;
			productType = "com.apple.product-type.bundle";
		};
/* End PBXNativeTarget section */

/* Begin PBXProject section */
		29B97313FDCFA39411CA2CEA /* Project object */ = {
			isa = PBXProject;
			attributes = {
				LastUpgradeCheck = 0420;
			};
			buildConfigurationList = C01FCF4E08A954540054247B /* Build configuration list for PBXProject "Couchbase" */;
			compatibilityVersion = "Xcode 3.2";
			developmentRegion = English;
			hasScannedForEncodings = 1;
			knownRegions = (
				English,
				Japanese,
				French,
				German,
				en,
			);
			mainGroup = 29B97314FDCFA39411CA2CEA /* CustomTemplate */;
			projectDirPath = "";
			projectRoot = "";
			targets = (
				273A731D13BD44670078870D /* Couchbase.framework */,
				27167C5A13C4DB53001CC5B6 /* Couchbase */,
			);
		};
/* End PBXProject section */

/* Begin PBXShellScriptBuildPhase section */
		27167ED013C4E731001CC5B6 /* Build Fat Library */ = {
			isa = PBXShellScriptBuildPhase;
			buildActionMask = 2147483647;
			files = (
			);
			inputPaths = (
			);
			name = "Build Fat Library";
			outputPaths = (
			);
			runOnlyForDeploymentPostprocessing = 0;
			shellPath = /bin/sh;
			shellScript = "# Version 2.0 (updated for Xcode 4, with some fixes)\n# Changes:\n#    - Works with xcode 4, even when running xcode 3 projects (Workarounds for apple bugs)\n#    - Faster / better: only runs lipo once, instead of once per recursion\n#    - Added some debugging statemetns that can be switched on/off by changing the DEBUG_THIS_SCRIPT variable to \"true\"\n#    - Fixed some typos\n# \n# Purpose:\n#   Create a static library for iPhone from within XCode\n#   Because Apple staff DELIBERATELY broke Xcode to make this impossible from the GUI (Xcode 3.2.3 specifically states this in the Release notes!)\n#   ...no, I don't understand why they did this!\n#\n# Author: Adam Martin - http://twitter.com/redglassesapps\n# Based on: original script from Eonil (main changes: Eonil's script WILL NOT WORK in Xcode GUI - it WILL CRASH YOUR COMPUTER)\n#\n# More info: see this Stack Overflow question: http://stackoverflow.com/questions/3520977/build-fat-static-library-device-simulator-using-xcode-and-sdk-4\n\n#################[ Tests: helps workaround any future bugs in Xcode ]########\n#\nDEBUG_THIS_SCRIPT=\"false\"\n\nif [ $DEBUG_THIS_SCRIPT = \"true\" ]\nthen\necho \"########### TESTS #############\"\necho \"Use the following variables when debugging this script; note that they may change on recursions\"\necho \"BUILD_DIR = $BUILD_DIR\"\necho \"BUILD_ROOT = $BUILD_ROOT\"\necho \"CONFIGURATION_BUILD_DIR = $CONFIGURATION_BUILD_DIR\"\necho \"BUILT_PRODUCTS_DIR = $BUILT_PRODUCTS_DIR\"\necho \"CONFIGURATION_TEMP_DIR = $CONFIGURATION_TEMP_DIR\"\necho \"TARGET_BUILD_DIR = $TARGET_BUILD_DIR\"\nfi\n\n#####################[ part 1 ]##################\n# First, work out the BASESDK version number (NB: Apple ought to report this, but they hide it)\n#    (incidental: searching for substrings in sh is a nightmare! Sob)\n\nSDK_VERSION=$(echo ${SDK_NAME} | grep -o '.\\{3\\}$')\n\n# Next, work out if we're in SIM or DEVICE\n\nif [ ${PLATFORM_NAME} = \"iphonesimulator\" ]\nthen\nOTHER_SDK_TO_BUILD=iphoneos${SDK_VERSION}\nelse\nOTHER_SDK_TO_BUILD=iphonesimulator${SDK_VERSION}\nfi\n\necho \"XCode has selected SDK: ${PLATFORM_NAME} with version: ${SDK_VERSION} (although back-targetting: ${IPHONEOS_DEPLOYMENT_TARGET})\"\necho \"...therefore, OTHER_SDK_TO_BUILD = ${OTHER_SDK_TO_BUILD}\"\n#\n#####################[ end of part 1 ]##################\n\n#####################[ part 2 ]##################\n#\n# IF this is the original invocation, invoke WHATEVER other builds are required\n#\n# Xcode is already building ONE target...\n#\n# ...but this is a LIBRARY, so Apple is wrong to set it to build just one.\n# ...we need to build ALL targets\n# ...we MUST NOT re-build the target that is ALREADY being built: Xcode WILL CRASH YOUR COMPUTER if you try this (infinite recursion!)\n#\n#\n# So: build ONLY the missing platforms/configurations.\n\nif [ \"true\" == ${ALREADYINVOKED:-false} ]\nthen\necho \"RECURSION: I am NOT the root invocation, so I'm NOT going to recurse\"\nelse\n# CRITICAL:\n# Prevent infinite recursion (Xcode sucks)\nexport ALREADYINVOKED=\"true\"\n\necho \"RECURSION: I am the root ... recursing all missing build targets NOW...\"\necho \"RECURSION: ...about to invoke: xcodebuild -configuration \\\"${CONFIGURATION}\\\" -target \\\"${TARGET_NAME}\\\" -sdk \\\"${OTHER_SDK_TO_BUILD}\\\" ${ACTION} RUN_CLANG_STATIC_ANALYZER=NO\"\nxcodebuild -configuration \"${CONFIGURATION}\" -target \"${TARGET_NAME}\" -sdk \"${OTHER_SDK_TO_BUILD}\" ${ACTION} RUN_CLANG_STATIC_ANALYZER=NO BUILD_DIR=\"${BUILD_DIR}\" BUILD_ROOT=\"${BUILD_ROOT}\" || exit 1\n\nACTION=\"build\"\n\n#Merge all platform binaries as a fat binary for each configurations.\n\n# Calculate where the (multiple) built files are coming from:\nCURRENTCONFIG_DEVICE_DIR=${SYMROOT}/${CONFIGURATION}-iphoneos\nCURRENTCONFIG_SIMULATOR_DIR=${SYMROOT}/${CONFIGURATION}-iphonesimulator\n\necho \"Taking device build from: ${CURRENTCONFIG_DEVICE_DIR}\"\necho \"Taking simulator build from: ${CURRENTCONFIG_SIMULATOR_DIR}\"\n\nCREATING_UNIVERSAL_DIR=${SYMROOT}/${CONFIGURATION}-universal\necho \"...I will output a universal build to: ${CREATING_UNIVERSAL_DIR}\"\n\n# ... remove the products of previous runs of this script\n#      NB: this directory is ONLY created by this script - it should be safe to delete!\n\nrm -rf \"${CREATING_UNIVERSAL_DIR}\"\nmkdir \"${CREATING_UNIVERSAL_DIR}\"\n\n#\necho \"lipo: for current configuration (${CONFIGURATION}) creating output file: ${CREATING_UNIVERSAL_DIR}/${EXECUTABLE_NAME}\"\nlipo -create -output \"${CREATING_UNIVERSAL_DIR}/${EXECUTABLE_NAME}\" \"${CURRENTCONFIG_DEVICE_DIR}/${EXECUTABLE_NAME}\" \"${CURRENTCONFIG_SIMULATOR_DIR}/${EXECUTABLE_NAME}\" || exit 1\n\n#########\n#\n# Added: StackOverflow suggestion to also copy \"include\" files\n#    (untested, but should work OK)\n#\nif [ -d \"${CURRENTCONFIG_DEVICE_DIR}/usr/local/include\" ]\nthen\nmkdir -p \"${CREATING_UNIVERSAL_DIR}/usr/local/include\"\n# * needs to be outside the double quotes?\ncp \"${CURRENTCONFIG_DEVICE_DIR}/usr/local/include/\"* \"${CREATING_UNIVERSAL_DIR}/usr/local/include\"\nfi\nfi\n";
			showEnvVarsInLog = 0;
		};
		27167EEF13C4F09A001CC5B6 /* Copy library */ = {
			isa = PBXShellScriptBuildPhase;
			buildActionMask = 2147483647;
			files = (
			);
			inputPaths = (
			);
			name = "Copy library";
			outputPaths = (
			);
			runOnlyForDeploymentPostprocessing = 0;
			shellPath = /bin/sh;
			shellScript = "cp \"${CONFIGURATION_BUILD_DIR}/libCouchbase.a\" \"${CONFIGURATION_BUILD_DIR}/${EXECUTABLE_PATH}\"";
			showEnvVarsInLog = 0;
		};
		D9B664DE13D48BE1008CD673 /* ShellScript */ = {
			isa = PBXShellScriptBuildPhase;
			buildActionMask = 2147483647;
			files = (
			);
			inputPaths = (
			);
			outputPaths = (
			);
			runOnlyForDeploymentPostprocessing = 0;
			shellPath = /bin/sh;
			shellScript = "./build_app.sh couchdb \"couch.erl couch_api_wrap.erl couch_api_wrap_httpc.erl couch_app.erl couch_app_server.erl couch_app_server_emonk.erl couch_app_server_erlang.erl couch_auth_cache.erl couch_btree.erl couch_changes.erl couch_compaction_daemon.erl couch_compress.erl couch_compress_types.erl couch_config.erl couch_config_writer.erl couch_db.erl couch_db_frontend.erl couch_db_update_notifier.erl couch_db_update_notifier_sup.erl couch_db_updater.erl couch_doc.erl couch_drv.erl couch_event_sup.erl couch_external_manager.erl couch_external_server.erl couch_file.erl couch_httpc_pool.erl couch_httpd.erl couch_httpd_auth.erl couch_httpd_db.erl couch_httpd_external.erl couch_httpd_misc_handlers.erl couch_httpd_oauth.erl couch_httpd_proxy.erl couch_httpd_replicator.erl couch_httpd_rewrite.erl couch_httpd_show.erl couch_httpd_stats_handlers.erl couch_httpd_vhost.erl couch_httpd_view.erl couch_httpd_view_merger.erl couch_internal_load_gen.erl couch_key_tree.erl couch_log.erl couch_native_process.erl couch_os_daemons.erl couch_os_process.erl couch_primary_sup.erl couch_query_servers.erl couch_ref_counter.erl couch_rep_sup.erl couch_replication_manager.erl couch_replication_notifier.erl couch_replicator.erl couch_replicator_doc_copier.erl couch_replicator_rev_finder.erl couch_replicator_utils.erl couch_secondary_sup.erl couch_server.erl couch_server_sup.erl couch_stats_aggregator.erl couch_stats_collector.erl couch_stream.erl couch_task_status.erl couch_util.erl couch_uuids.erl couch_view.erl couch_view_compactor.erl couch_view_group.erl couch_view_merger.erl couch_view_server.erl couch_view_server_emonk.erl couch_view_server_erlang.erl couch_view_server_os.erl couch_view_updater.erl couch_work_queue.erl json_stream_parse.erl\" ../../../../erlang/lib/couch/ebin\n./build_app.sh erlang-oauth \"oauth.erl oauth_hmac_sha1.erl oauth_http.erl oauth_plaintext.erl oauth_rsa_sha1.erl oauth_unix.erl oauth_uri.erl\" ../../../../erlang/lib/erlang-oauth/ebin\n./build_app.sh ibrowse \"ibrowse.erl ibrowse_app.erl ibrowse_http_client.erl ibrowse_lb.erl ibrowse_lib.erl ibrowse_sup.erl ibrowse_test.erl\" ../../../../erlang/lib/ibrowse\n./build_app.sh mochiweb \"mochifmt.erl mochifmt_records.erl mochifmt_std.erl mochiglobal.erl mochihex.erl mochijson.erl mochijson2.erl mochilists.erl mochilogfile2.erl mochinum.erl mochitemp.erl mochiutf8.erl mochiweb.erl mochiweb_acceptor.erl mochiweb_app.erl mochiweb_charref.erl mochiweb_cookies.erl mochiweb_cover.erl mochiweb_echo.erl mochiweb_headers.erl mochiweb_html.erl mochiweb_http.erl mochiweb_io.erl mochiweb_mime.erl mochiweb_multipart.erl mochiweb_request.erl mochiweb_request_tests.erl mochiweb_response.erl mochiweb_skel.erl mochiweb_socket.erl mochiweb_socket_server.erl mochiweb_sup.erl mochiweb_util.erl reloader.erl\" ../../../../erlang/lib/mochiweb/ebin\n./build_app.sh ejson \"ejson.erl mochijson2.erl mochinum.erl\" ../../../../erlang/lib/ejson/ebin\nerlc -o erlang/lib/emonk/ebin Vendor/couchdb/src/emonk/src/emonk.erl";
			showEnvVarsInLog = 0;
		};
/* End PBXShellScriptBuildPhase section */

/* Begin PBXSourcesBuildPhase section */
		27167C5D13C4DB53001CC5B6 /* Sources */ = {
			isa = PBXSourcesBuildPhase;
			buildActionMask = 2147483647;
			files = (
				27167C5E13C4DB53001CC5B6 /* CouchbaseEmbeddedServer.m in Sources */,
			);
			runOnlyForDeploymentPostprocessing = 0;
		};
		273A731A13BD44670078870D /* Sources */ = {
			isa = PBXSourcesBuildPhase;
			buildActionMask = 2147483647;
			files = (
			);
			runOnlyForDeploymentPostprocessing = 0;
		};
/* End PBXSourcesBuildPhase section */

/* Begin PBXTargetDependency section */
		27167ED613C4EF62001CC5B6 /* PBXTargetDependency */ = {
			isa = PBXTargetDependency;
			target = 27167C5A13C4DB53001CC5B6 /* Couchbase */;
			targetProxy = 27167ED513C4EF62001CC5B6 /* PBXContainerItemProxy */;
		};
/* End PBXTargetDependency section */

/* Begin XCBuildConfiguration section */
		27167C6513C4DB53001CC5B6 /* Debug */ = {
			isa = XCBuildConfiguration;
			buildSettings = {
				ALWAYS_SEARCH_USER_PATHS = NO;
				COPY_PHASE_STRIP = NO;
				GCC_DYNAMIC_NO_PIC = NO;
				GCC_OPTIMIZATION_LEVEL = 0;
				LIBRARY_SEARCH_PATHS = (
					"$(inherited)",
					"\"$(SRCROOT)/Vendor/ios-openssl/lib\"",
				);
				PRODUCT_NAME = Couchbase;
			};
			name = Debug;
		};
		27167C6613C4DB53001CC5B6 /* Release */ = {
			isa = XCBuildConfiguration;
			buildSettings = {
				ALWAYS_SEARCH_USER_PATHS = NO;
				COPY_PHASE_STRIP = YES;
				LIBRARY_SEARCH_PATHS = (
					"$(inherited)",
					"\"$(SRCROOT)/Vendor/ios-openssl/lib\"",
				);
				OTHER_LDFLAGS = "-all_load";
				PRODUCT_NAME = Couchbase;
				ZERO_LINK = NO;
			};
			name = Release;
		};
		273A732D13BD44670078870D /* Debug */ = {
			isa = XCBuildConfiguration;
			buildSettings = {
				ALWAYS_SEARCH_USER_PATHS = NO;
				CONFIGURATION_BUILD_DIR = "$(BUILD_DIR)/$(CONFIGURATION)-universal";
				COPY_PHASE_STRIP = NO;
				GCC_C_LANGUAGE_STANDARD = gnu99;
				GCC_DYNAMIC_NO_PIC = NO;
				GCC_ENABLE_OBJC_EXCEPTIONS = YES;
				GCC_OPTIMIZATION_LEVEL = 0;
				GCC_PRECOMPILE_PREFIX_HEADER = YES;
				GCC_PREFIX_HEADER = "Couchbase.framework/Couchbase.framework-Prefix.pch";
				GCC_PREPROCESSOR_DEFINITIONS = (
					"DEBUG=1",
					"$(inherited)",
				);
				GCC_SYMBOLS_PRIVATE_EXTERN = NO;
				GCC_WARN_64_TO_32_BIT_CONVERSION = YES;
				GCC_WARN_ABOUT_MISSING_PROTOTYPES = YES;
				INFOPLIST_FILE = "Couchbase.framework/Couchbase.framework-Info.plist";
				INSTALL_PATH = "$(LOCAL_LIBRARY_DIR)/Bundles";
				PRODUCT_NAME = Couchbase;
				WRAPPER_EXTENSION = framework;
			};
			name = Debug;
		};
		273A732E13BD44670078870D /* Release */ = {
			isa = XCBuildConfiguration;
			buildSettings = {
				ALWAYS_SEARCH_USER_PATHS = NO;
				CONFIGURATION_BUILD_DIR = "$(BUILD_DIR)/$(CONFIGURATION)-universal";
				COPY_PHASE_STRIP = YES;
				GCC_C_LANGUAGE_STANDARD = gnu99;
				GCC_ENABLE_OBJC_EXCEPTIONS = YES;
				GCC_PRECOMPILE_PREFIX_HEADER = YES;
				GCC_PREFIX_HEADER = "Couchbase.framework/Couchbase.framework-Prefix.pch";
				GCC_WARN_64_TO_32_BIT_CONVERSION = YES;
				GCC_WARN_ABOUT_MISSING_PROTOTYPES = YES;
				INFOPLIST_FILE = "Couchbase.framework/Couchbase.framework-Info.plist";
				INSTALL_PATH = "$(LOCAL_LIBRARY_DIR)/Bundles";
				PRODUCT_NAME = Couchbase;
				WRAPPER_EXTENSION = framework;
			};
			name = Release;
		};
		C01FCF4F08A954540054247B /* Debug */ = {
			isa = XCBuildConfiguration;
			buildSettings = {
				"CODE_SIGN_IDENTITY[sdk=iphoneos*]" = "";
				GCC_C_LANGUAGE_STANDARD = c99;
				GCC_TREAT_WARNINGS_AS_ERRORS = YES;
				GCC_VERSION = com.apple.compilers.llvm.clang.1_0;
				GCC_WARN_ABOUT_RETURN_TYPE = YES;
				GCC_WARN_UNUSED_VARIABLE = YES;
				IPHONEOS_DEPLOYMENT_TARGET = 4.3;
				PUBLIC_HEADERS_FOLDER_PATH = include;
				SDKROOT = iphoneos;
				TARGETED_DEVICE_FAMILY = "1,2";
				WARNING_CFLAGS = "-Wall";
			};
			name = Debug;
		};
		C01FCF5008A954540054247B /* Release */ = {
			isa = XCBuildConfiguration;
			buildSettings = {
				"CODE_SIGN_IDENTITY[sdk=iphoneos*]" = "";
				COPY_PHASE_STRIP = NO;
				GCC_C_LANGUAGE_STANDARD = c99;
				GCC_TREAT_WARNINGS_AS_ERRORS = YES;
				GCC_VERSION = com.apple.compilers.llvm.clang.1_0;
				GCC_WARN_ABOUT_RETURN_TYPE = YES;
				GCC_WARN_UNUSED_VARIABLE = YES;
				IPHONEOS_DEPLOYMENT_TARGET = 4.3;
				OTHER_CFLAGS = "-DNS_BLOCK_ASSERTIONS=1";
				PUBLIC_HEADERS_FOLDER_PATH = include;
				SDKROOT = iphoneos;
				TARGETED_DEVICE_FAMILY = "1,2";
				WARNING_CFLAGS = "-Wall";
			};
			name = Release;
		};
/* End XCBuildConfiguration section */

/* Begin XCConfigurationList section */
		27167C6413C4DB53001CC5B6 /* Build configuration list for PBXNativeTarget "Couchbase" */ = {
			isa = XCConfigurationList;
			buildConfigurations = (
				27167C6513C4DB53001CC5B6 /* Debug */,
				27167C6613C4DB53001CC5B6 /* Release */,
			);
			defaultConfigurationIsVisible = 0;
			defaultConfigurationName = Release;
		};
		273A732F13BD44670078870D /* Build configuration list for PBXNativeTarget "Couchbase.framework" */ = {
			isa = XCConfigurationList;
			buildConfigurations = (
				273A732D13BD44670078870D /* Debug */,
				273A732E13BD44670078870D /* Release */,
			);
			defaultConfigurationIsVisible = 0;
			defaultConfigurationName = Release;
		};
		C01FCF4E08A954540054247B /* Build configuration list for PBXProject "Couchbase" */ = {
			isa = XCConfigurationList;
			buildConfigurations = (
				C01FCF4F08A954540054247B /* Debug */,
				C01FCF5008A954540054247B /* Release */,
			);
			defaultConfigurationIsVisible = 0;
			defaultConfigurationName = Release;
		};
/* End XCConfigurationList section */
	};
	rootObject = 29B97313FDCFA39411CA2CEA /* Project object */;
}
